// !$*UTF8*$!
{
	archiveVersion = 1;
	classes = {
	};
	objectVersion = 50;
	objects = {

/* Begin PBXBuildFile section */
		0D3E6381FAED373599502C66 /* Pods_route_viewerTests.framework in Frameworks */ = {isa = PBXBuildFile; fileRef = FC36A6679E6421939B24365B /* Pods_route_viewerTests.framework */; };
		44E2E26860BAEB0B9484F940 /* Pods_route_viewer.framework in Frameworks */ = {isa = PBXBuildFile; fileRef = 68C7443FD185AB4430295F97 /* Pods_route_viewer.framework */; };
		F546D43B21C249EA00EC6E98 /* AppDelegate.swift in Sources */ = {isa = PBXBuildFile; fileRef = F546D43A21C249EA00EC6E98 /* AppDelegate.swift */; };
		F546D43D21C249EA00EC6E98 /* HomeVC.swift in Sources */ = {isa = PBXBuildFile; fileRef = F546D43C21C249EA00EC6E98 /* HomeVC.swift */; };
		F546D44021C249EA00EC6E98 /* Main.storyboard in Resources */ = {isa = PBXBuildFile; fileRef = F546D43E21C249EA00EC6E98 /* Main.storyboard */; };
		F546D44221C249EC00EC6E98 /* Assets.xcassets in Resources */ = {isa = PBXBuildFile; fileRef = F546D44121C249EC00EC6E98 /* Assets.xcassets */; };
		F546D44521C249EC00EC6E98 /* LaunchScreen.storyboard in Resources */ = {isa = PBXBuildFile; fileRef = F546D44321C249EC00EC6E98 /* LaunchScreen.storyboard */; };
		F546D45021C249ED00EC6E98 /* route_viewerTests.swift in Sources */ = {isa = PBXBuildFile; fileRef = F546D44F21C249ED00EC6E98 /* route_viewerTests.swift */; };
/* End PBXBuildFile section */

/* Begin PBXContainerItemProxy section */
		F546D44C21C249ED00EC6E98 /* PBXContainerItemProxy */ = {
			isa = PBXContainerItemProxy;
			containerPortal = F546D42F21C249EA00EC6E98 /* Project object */;
			proxyType = 1;
			remoteGlobalIDString = F546D43621C249EA00EC6E98;
			remoteInfo = "route-viewer";
		};
/* End PBXContainerItemProxy section */

/* Begin PBXFileReference section */
		38983C06D22ACF56FAABE5C8 /* Pods-route-viewerTests.debug.xcconfig */ = {isa = PBXFileReference; includeInIndex = 1; lastKnownFileType = text.xcconfig; name = "Pods-route-viewerTests.debug.xcconfig"; path = "Pods/Target Support Files/Pods-route-viewerTests/Pods-route-viewerTests.debug.xcconfig"; sourceTree = "<group>"; };
		3CCE37628F363F64B4E2B359 /* Pods-route-viewer.release.xcconfig */ = {isa = PBXFileReference; includeInIndex = 1; lastKnownFileType = text.xcconfig; name = "Pods-route-viewer.release.xcconfig"; path = "Pods/Target Support Files/Pods-route-viewer/Pods-route-viewer.release.xcconfig"; sourceTree = "<group>"; };
		68C7443FD185AB4430295F97 /* Pods_route_viewer.framework */ = {isa = PBXFileReference; explicitFileType = wrapper.framework; includeInIndex = 0; path = Pods_route_viewer.framework; sourceTree = BUILT_PRODUCTS_DIR; };
		B3FAEFA1A890F955572B9A31 /* Pods-route-viewerTests.release.xcconfig */ = {isa = PBXFileReference; includeInIndex = 1; lastKnownFileType = text.xcconfig; name = "Pods-route-viewerTests.release.xcconfig"; path = "Pods/Target Support Files/Pods-route-viewerTests/Pods-route-viewerTests.release.xcconfig"; sourceTree = "<group>"; };
		F1B4EFFBF20209C29E66DCC9 /* Pods-route-viewer.debug.xcconfig */ = {isa = PBXFileReference; includeInIndex = 1; lastKnownFileType = text.xcconfig; name = "Pods-route-viewer.debug.xcconfig"; path = "Pods/Target Support Files/Pods-route-viewer/Pods-route-viewer.debug.xcconfig"; sourceTree = "<group>"; };
		F546D43721C249EA00EC6E98 /* route-viewer.app */ = {isa = PBXFileReference; explicitFileType = wrapper.application; includeInIndex = 0; path = "route-viewer.app"; sourceTree = BUILT_PRODUCTS_DIR; };
		F546D43A21C249EA00EC6E98 /* AppDelegate.swift */ = {isa = PBXFileReference; lastKnownFileType = sourcecode.swift; path = AppDelegate.swift; sourceTree = "<group>"; };
		F546D43C21C249EA00EC6E98 /* HomeVC.swift */ = {isa = PBXFileReference; lastKnownFileType = sourcecode.swift; path = HomeVC.swift; sourceTree = "<group>"; };
		F546D43F21C249EA00EC6E98 /* Base */ = {isa = PBXFileReference; lastKnownFileType = file.storyboard; name = Base; path = Base.lproj/Main.storyboard; sourceTree = "<group>"; };
		F546D44121C249EC00EC6E98 /* Assets.xcassets */ = {isa = PBXFileReference; lastKnownFileType = folder.assetcatalog; path = Assets.xcassets; sourceTree = "<group>"; };
		F546D44421C249EC00EC6E98 /* Base */ = {isa = PBXFileReference; lastKnownFileType = file.storyboard; name = Base; path = Base.lproj/LaunchScreen.storyboard; sourceTree = "<group>"; };
		F546D44621C249EC00EC6E98 /* Info.plist */ = {isa = PBXFileReference; lastKnownFileType = text.plist.xml; path = Info.plist; sourceTree = "<group>"; };
		F546D44B21C249ED00EC6E98 /* route-viewerTests.xctest */ = {isa = PBXFileReference; explicitFileType = wrapper.cfbundle; includeInIndex = 0; path = "route-viewerTests.xctest"; sourceTree = BUILT_PRODUCTS_DIR; };
		F546D44F21C249ED00EC6E98 /* route_viewerTests.swift */ = {isa = PBXFileReference; lastKnownFileType = sourcecode.swift; path = route_viewerTests.swift; sourceTree = "<group>"; };
		F546D45121C249ED00EC6E98 /* Info.plist */ = {isa = PBXFileReference; lastKnownFileType = text.plist.xml; path = Info.plist; sourceTree = "<group>"; };
		FC36A6679E6421939B24365B /* Pods_route_viewerTests.framework */ = {isa = PBXFileReference; explicitFileType = wrapper.framework; includeInIndex = 0; path = Pods_route_viewerTests.framework; sourceTree = BUILT_PRODUCTS_DIR; };
/* End PBXFileReference section */

/* Begin PBXFrameworksBuildPhase section */
		F546D43421C249EA00EC6E98 /* Frameworks */ = {
			isa = PBXFrameworksBuildPhase;
			buildActionMask = 2147483647;
			files = (
				44E2E26860BAEB0B9484F940 /* Pods_route_viewer.framework in Frameworks */,
			);
			runOnlyForDeploymentPostprocessing = 0;
		};
		F546D44821C249ED00EC6E98 /* Frameworks */ = {
			isa = PBXFrameworksBuildPhase;
			buildActionMask = 2147483647;
			files = (
				0D3E6381FAED373599502C66 /* Pods_route_viewerTests.framework in Frameworks */,
			);
			runOnlyForDeploymentPostprocessing = 0;
		};
/* End PBXFrameworksBuildPhase section */

/* Begin PBXGroup section */
		32266F9D686DF1107051FB65 /* Pods */ = {
			isa = PBXGroup;
			children = (
				F1B4EFFBF20209C29E66DCC9 /* Pods-route-viewer.debug.xcconfig */,
				3CCE37628F363F64B4E2B359 /* Pods-route-viewer.release.xcconfig */,
				38983C06D22ACF56FAABE5C8 /* Pods-route-viewerTests.debug.xcconfig */,
				B3FAEFA1A890F955572B9A31 /* Pods-route-viewerTests.release.xcconfig */,
			);
			name = Pods;
			sourceTree = "<group>";
		};
		6E4C6ACA5D18635CAF8D15F8 /* Frameworks */ = {
			isa = PBXGroup;
			children = (
				68C7443FD185AB4430295F97 /* Pods_route_viewer.framework */,
				FC36A6679E6421939B24365B /* Pods_route_viewerTests.framework */,
			);
			name = Frameworks;
			sourceTree = "<group>";
		};
		F546D42E21C249EA00EC6E98 = {
			isa = PBXGroup;
			children = (
				F546D43921C249EA00EC6E98 /* route-viewer */,
				F546D44E21C249ED00EC6E98 /* route-viewerTests */,
				F546D43821C249EA00EC6E98 /* Products */,
				32266F9D686DF1107051FB65 /* Pods */,
				6E4C6ACA5D18635CAF8D15F8 /* Frameworks */,
			);
			sourceTree = "<group>";
		};
		F546D43821C249EA00EC6E98 /* Products */ = {
			isa = PBXGroup;
			children = (
				F546D43721C249EA00EC6E98 /* route-viewer.app */,
				F546D44B21C249ED00EC6E98 /* route-viewerTests.xctest */,
			);
			name = Products;
			sourceTree = "<group>";
		};
		F546D43921C249EA00EC6E98 /* route-viewer */ = {
			isa = PBXGroup;
			children = (
				F546D45A21C24BB900EC6E98 /* Controller */,
				F546D45C21C24BEB00EC6E98 /* View */,
				F546D45B21C24BCF00EC6E98 /* Supporting Files */,
				F546D44121C249EC00EC6E98 /* Assets.xcassets */,
			);
			path = "route-viewer";
			sourceTree = "<group>";
		};
		F546D44E21C249ED00EC6E98 /* route-viewerTests */ = {
			isa = PBXGroup;
			children = (
				F546D44F21C249ED00EC6E98 /* route_viewerTests.swift */,
				F546D45121C249ED00EC6E98 /* Info.plist */,
			);
			path = "route-viewerTests";
			sourceTree = "<group>";
		};
		F546D45A21C24BB900EC6E98 /* Controller */ = {
			isa = PBXGroup;
			children = (
				F546D43C21C249EA00EC6E98 /* HomeVC.swift */,
			);
			path = Controller;
			sourceTree = "<group>";
		};
		F546D45B21C24BCF00EC6E98 /* Supporting Files */ = {
			isa = PBXGroup;
			children = (
				F546D43A21C249EA00EC6E98 /* AppDelegate.swift */,
				F546D44621C249EC00EC6E98 /* Info.plist */,
			);
			path = "Supporting Files";
			sourceTree = "<group>";
		};
		F546D45C21C24BEB00EC6E98 /* View */ = {
			isa = PBXGroup;
			children = (
				F546D43E21C249EA00EC6E98 /* Main.storyboard */,
				F546D44321C249EC00EC6E98 /* LaunchScreen.storyboard */,
			);
			path = View;
			sourceTree = "<group>";
		};
/* End PBXGroup section */

/* Begin PBXNativeTarget section */
		F546D43621C249EA00EC6E98 /* route-viewer */ = {
			isa = PBXNativeTarget;
			buildConfigurationList = F546D45421C249ED00EC6E98 /* Build configuration list for PBXNativeTarget "route-viewer" */;
			buildPhases = (
				10B2299A4B044C58B537F7A7 /* [CP] Check Pods Manifest.lock */,
				F546D43321C249EA00EC6E98 /* Sources */,
				F546D43421C249EA00EC6E98 /* Frameworks */,
				F546D43521C249EA00EC6E98 /* Resources */,
				DD1ED095DC27EE079C53CAD2 /* [CP] Embed Pods Frameworks */,
			);
			buildRules = (
			);
			dependencies = (
			);
			name = "route-viewer";
			productName = "route-viewer";
			productReference = F546D43721C249EA00EC6E98 /* route-viewer.app */;
			productType = "com.apple.product-type.application";
		};
		F546D44A21C249ED00EC6E98 /* route-viewerTests */ = {
			isa = PBXNativeTarget;
			buildConfigurationList = F546D45721C249ED00EC6E98 /* Build configuration list for PBXNativeTarget "route-viewerTests" */;
			buildPhases = (
				0A85A4FAE5FBCEABCD6ACB7C /* [CP] Check Pods Manifest.lock */,
				F546D44721C249ED00EC6E98 /* Sources */,
				F546D44821C249ED00EC6E98 /* Frameworks */,
				F546D44921C249ED00EC6E98 /* Resources */,
			);
			buildRules = (
			);
			dependencies = (
				F546D44D21C249ED00EC6E98 /* PBXTargetDependency */,
			);
			name = "route-viewerTests";
			productName = "route-viewerTests";
			productReference = F546D44B21C249ED00EC6E98 /* route-viewerTests.xctest */;
			productType = "com.apple.product-type.bundle.unit-test";
		};
/* End PBXNativeTarget section */

/* Begin PBXProject section */
		F546D42F21C249EA00EC6E98 /* Project object */ = {
			isa = PBXProject;
			attributes = {
				LastSwiftUpdateCheck = 1010;
				LastUpgradeCheck = 1010;
				ORGANIZATIONNAME = Irteza;
				TargetAttributes = {
					F546D43621C249EA00EC6E98 = {
						CreatedOnToolsVersion = 10.1;
					};
					F546D44A21C249ED00EC6E98 = {
						CreatedOnToolsVersion = 10.1;
						TestTargetID = F546D43621C249EA00EC6E98;
					};
				};
			};
			buildConfigurationList = F546D43221C249EA00EC6E98 /* Build configuration list for PBXProject "route-viewer" */;
			compatibilityVersion = "Xcode 9.3";
			developmentRegion = en;
			hasScannedForEncodings = 0;
			knownRegions = (
				en,
				Base,
			);
			mainGroup = F546D42E21C249EA00EC6E98;
			productRefGroup = F546D43821C249EA00EC6E98 /* Products */;
			projectDirPath = "";
			projectRoot = "";
			targets = (
				F546D43621C249EA00EC6E98 /* route-viewer */,
				F546D44A21C249ED00EC6E98 /* route-viewerTests */,
			);
		};
/* End PBXProject section */

/* Begin PBXResourcesBuildPhase section */
		F546D43521C249EA00EC6E98 /* Resources */ = {
			isa = PBXResourcesBuildPhase;
			buildActionMask = 2147483647;
			files = (
				F546D44521C249EC00EC6E98 /* LaunchScreen.storyboard in Resources */,
				F546D44221C249EC00EC6E98 /* Assets.xcassets in Resources */,
				F546D44021C249EA00EC6E98 /* Main.storyboard in Resources */,
			);
			runOnlyForDeploymentPostprocessing = 0;
		};
		F546D44921C249ED00EC6E98 /* Resources */ = {
			isa = PBXResourcesBuildPhase;
			buildActionMask = 2147483647;
			files = (
			);
			runOnlyForDeploymentPostprocessing = 0;
		};
/* End PBXResourcesBuildPhase section */

/* Begin PBXShellScriptBuildPhase section */
		0A85A4FAE5FBCEABCD6ACB7C /* [CP] Check Pods Manifest.lock */ = {
			isa = PBXShellScriptBuildPhase;
			buildActionMask = 2147483647;
			files = (
			);
			inputFileListPaths = (
			);
			inputPaths = (
				"${PODS_PODFILE_DIR_PATH}/Podfile.lock",
				"${PODS_ROOT}/Manifest.lock",
			);
			name = "[CP] Check Pods Manifest.lock";
			outputFileListPaths = (
			);
			outputPaths = (
				"$(DERIVED_FILE_DIR)/Pods-route-viewerTests-checkManifestLockResult.txt",
			);
			runOnlyForDeploymentPostprocessing = 0;
			shellPath = /bin/sh;
			shellScript = "diff \"${PODS_PODFILE_DIR_PATH}/Podfile.lock\" \"${PODS_ROOT}/Manifest.lock\" > /dev/null\nif [ $? != 0 ] ; then\n    # print error to STDERR\n    echo \"error: The sandbox is not in sync with the Podfile.lock. Run 'pod install' or update your CocoaPods installation.\" >&2\n    exit 1\nfi\n# This output is used by Xcode 'outputs' to avoid re-running this script phase.\necho \"SUCCESS\" > \"${SCRIPT_OUTPUT_FILE_0}\"\n";
			showEnvVarsInLog = 0;
		};
		10B2299A4B044C58B537F7A7 /* [CP] Check Pods Manifest.lock */ = {
			isa = PBXShellScriptBuildPhase;
			buildActionMask = 2147483647;
			files = (
			);
			inputFileListPaths = (
			);
			inputPaths = (
				"${PODS_PODFILE_DIR_PATH}/Podfile.lock",
				"${PODS_ROOT}/Manifest.lock",
			);
			name = "[CP] Check Pods Manifest.lock";
			outputFileListPaths = (
			);
			outputPaths = (
				"$(DERIVED_FILE_DIR)/Pods-route-viewer-checkManifestLockResult.txt",
			);
			runOnlyForDeploymentPostprocessing = 0;
			shellPath = /bin/sh;
			shellScript = "diff \"${PODS_PODFILE_DIR_PATH}/Podfile.lock\" \"${PODS_ROOT}/Manifest.lock\" > /dev/null\nif [ $? != 0 ] ; then\n    # print error to STDERR\n    echo \"error: The sandbox is not in sync with the Podfile.lock. Run 'pod install' or update your CocoaPods installation.\" >&2\n    exit 1\nfi\n# This output is used by Xcode 'outputs' to avoid re-running this script phase.\necho \"SUCCESS\" > \"${SCRIPT_OUTPUT_FILE_0}\"\n";
			showEnvVarsInLog = 0;
		};
		DD1ED095DC27EE079C53CAD2 /* [CP] Embed Pods Frameworks */ = {
			isa = PBXShellScriptBuildPhase;
			buildActionMask = 2147483647;
			files = (
			);
			inputFileListPaths = (
			);
			inputPaths = (
				"${SRCROOT}/Pods/Target Support Files/Pods-route-viewer/Pods-route-viewer-frameworks.sh",
				"${PODS_ROOT}/Mapbox-iOS-SDK/dynamic/Mapbox.framework",
				"${PODS_ROOT}/Mapbox-iOS-SDK/dynamic/Mapbox.framework.dSYM",
				"${BUILT_PRODUCTS_DIR}/MapboxCoreNavigation/MapboxCoreNavigation.framework",
				"${BUILT_PRODUCTS_DIR}/MapboxDirections.swift/MapboxDirections.framework",
				"${BUILT_PRODUCTS_DIR}/MapboxMobileEvents/MapboxMobileEvents.framework",
				"${BUILT_PRODUCTS_DIR}/MapboxNavigation/MapboxNavigation.framework",
				"${PODS_ROOT}/MapboxNavigationNative/MapboxNavigationNative.framework",
				"${PODS_ROOT}/MapboxNavigationNative/MapboxNavigationNative.framework.dSYM",
				"${BUILT_PRODUCTS_DIR}/MapboxSpeech/MapboxSpeech.framework",
				"${BUILT_PRODUCTS_DIR}/Polyline/Polyline.framework",
				"${BUILT_PRODUCTS_DIR}/Solar/Solar.framework",
				"${BUILT_PRODUCTS_DIR}/Turf/Turf.framework",
			);
			name = "[CP] Embed Pods Frameworks";
			outputFileListPaths = (
			);
			outputPaths = (
				"${TARGET_BUILD_DIR}/${FRAMEWORKS_FOLDER_PATH}/Mapbox.framework",
				"${DWARF_DSYM_FOLDER_PATH}/Mapbox.framework.dSYM",
				"${TARGET_BUILD_DIR}/${FRAMEWORKS_FOLDER_PATH}/MapboxCoreNavigation.framework",
				"${TARGET_BUILD_DIR}/${FRAMEWORKS_FOLDER_PATH}/MapboxDirections.framework",
				"${TARGET_BUILD_DIR}/${FRAMEWORKS_FOLDER_PATH}/MapboxMobileEvents.framework",
				"${TARGET_BUILD_DIR}/${FRAMEWORKS_FOLDER_PATH}/MapboxNavigation.framework",
				"${TARGET_BUILD_DIR}/${FRAMEWORKS_FOLDER_PATH}/MapboxNavigationNative.framework",
				"${DWARF_DSYM_FOLDER_PATH}/MapboxNavigationNative.framework.dSYM",
				"${TARGET_BUILD_DIR}/${FRAMEWORKS_FOLDER_PATH}/MapboxSpeech.framework",
				"${TARGET_BUILD_DIR}/${FRAMEWORKS_FOLDER_PATH}/Polyline.framework",
				"${TARGET_BUILD_DIR}/${FRAMEWORKS_FOLDER_PATH}/Solar.framework",
				"${TARGET_BUILD_DIR}/${FRAMEWORKS_FOLDER_PATH}/Turf.framework",
			);
			runOnlyForDeploymentPostprocessing = 0;
			shellPath = /bin/sh;
			shellScript = "\"${SRCROOT}/Pods/Target Support Files/Pods-route-viewer/Pods-route-viewer-frameworks.sh\"\n";
			showEnvVarsInLog = 0;
		};
/* End PBXShellScriptBuildPhase section */

/* Begin PBXSourcesBuildPhase section */
		F546D43321C249EA00EC6E98 /* Sources */ = {
			isa = PBXSourcesBuildPhase;
			buildActionMask = 2147483647;
			files = (
				F546D43D21C249EA00EC6E98 /* HomeVC.swift in Sources */,
				F546D43B21C249EA00EC6E98 /* AppDelegate.swift in Sources */,
			);
			runOnlyForDeploymentPostprocessing = 0;
		};
		F546D44721C249ED00EC6E98 /* Sources */ = {
			isa = PBXSourcesBuildPhase;
			buildActionMask = 2147483647;
			files = (
				F546D45021C249ED00EC6E98 /* route_viewerTests.swift in Sources */,
			);
			runOnlyForDeploymentPostprocessing = 0;
		};
/* End PBXSourcesBuildPhase section */

/* Begin PBXTargetDependency section */
		F546D44D21C249ED00EC6E98 /* PBXTargetDependency */ = {
			isa = PBXTargetDependency;
			target = F546D43621C249EA00EC6E98 /* route-viewer */;
			targetProxy = F546D44C21C249ED00EC6E98 /* PBXContainerItemProxy */;
		};
/* End PBXTargetDependency section */

/* Begin PBXVariantGroup section */
		F546D43E21C249EA00EC6E98 /* Main.storyboard */ = {
			isa = PBXVariantGroup;
			children = (
				F546D43F21C249EA00EC6E98 /* Base */,
			);
			name = Main.storyboard;
			sourceTree = "<group>";
		};
		F546D44321C249EC00EC6E98 /* LaunchScreen.storyboard */ = {
			isa = PBXVariantGroup;
			children = (
				F546D44421C249EC00EC6E98 /* Base */,
			);
			name = LaunchScreen.storyboard;
			sourceTree = "<group>";
		};
/* End PBXVariantGroup section */

/* Begin XCBuildConfiguration section */
		F546D45221C249ED00EC6E98 /* Debug */ = {
			isa = XCBuildConfiguration;
			buildSettings = {
				ALWAYS_SEARCH_USER_PATHS = NO;
				CLANG_ANALYZER_NONNULL = YES;
				CLANG_ANALYZER_NUMBER_OBJECT_CONVERSION = YES_AGGRESSIVE;
				CLANG_CXX_LANGUAGE_STANDARD = "gnu++14";
				CLANG_CXX_LIBRARY = "libc++";
				CLANG_ENABLE_MODULES = YES;
				CLANG_ENABLE_OBJC_ARC = YES;
				CLANG_ENABLE_OBJC_WEAK = YES;
				CLANG_WARN_BLOCK_CAPTURE_AUTORELEASING = YES;
				CLANG_WARN_BOOL_CONVERSION = YES;
				CLANG_WARN_COMMA = YES;
				CLANG_WARN_CONSTANT_CONVERSION = YES;
				CLANG_WARN_DEPRECATED_OBJC_IMPLEMENTATIONS = YES;
				CLANG_WARN_DIRECT_OBJC_ISA_USAGE = YES_ERROR;
				CLANG_WARN_DOCUMENTATION_COMMENTS = YES;
				CLANG_WARN_EMPTY_BODY = YES;
				CLANG_WARN_ENUM_CONVERSION = YES;
				CLANG_WARN_INFINITE_RECURSION = YES;
				CLANG_WARN_INT_CONVERSION = YES;
				CLANG_WARN_NON_LITERAL_NULL_CONVERSION = YES;
				CLANG_WARN_OBJC_IMPLICIT_RETAIN_SELF = YES;
				CLANG_WARN_OBJC_LITERAL_CONVERSION = YES;
				CLANG_WARN_OBJC_ROOT_CLASS = YES_ERROR;
				CLANG_WARN_RANGE_LOOP_ANALYSIS = YES;
				CLANG_WARN_STRICT_PROTOTYPES = YES;
				CLANG_WARN_SUSPICIOUS_MOVE = YES;
				CLANG_WARN_UNGUARDED_AVAILABILITY = YES_AGGRESSIVE;
				CLANG_WARN_UNREACHABLE_CODE = YES;
				CLANG_WARN__DUPLICATE_METHOD_MATCH = YES;
				CODE_SIGN_IDENTITY = "iPhone Developer";
				COPY_PHASE_STRIP = NO;
				DEBUG_INFORMATION_FORMAT = dwarf;
				ENABLE_STRICT_OBJC_MSGSEND = YES;
				ENABLE_TESTABILITY = YES;
				GCC_C_LANGUAGE_STANDARD = gnu11;
				GCC_DYNAMIC_NO_PIC = NO;
				GCC_NO_COMMON_BLOCKS = YES;
				GCC_OPTIMIZATION_LEVEL = 0;
				GCC_PREPROCESSOR_DEFINITIONS = (
					"DEBUG=1",
					"$(inherited)",
				);
				GCC_WARN_64_TO_32_BIT_CONVERSION = YES;
				GCC_WARN_ABOUT_RETURN_TYPE = YES_ERROR;
				GCC_WARN_UNDECLARED_SELECTOR = YES;
				GCC_WARN_UNINITIALIZED_AUTOS = YES_AGGRESSIVE;
				GCC_WARN_UNUSED_FUNCTION = YES;
				GCC_WARN_UNUSED_VARIABLE = YES;
				IPHONEOS_DEPLOYMENT_TARGET = 12.1;
				MTL_ENABLE_DEBUG_INFO = INCLUDE_SOURCE;
				MTL_FAST_MATH = YES;
				ONLY_ACTIVE_ARCH = YES;
				SDKROOT = iphoneos;
				SWIFT_ACTIVE_COMPILATION_CONDITIONS = DEBUG;
				SWIFT_OPTIMIZATION_LEVEL = "-Onone";
			};
			name = Debug;
		};
		F546D45321C249ED00EC6E98 /* Release */ = {
			isa = XCBuildConfiguration;
			buildSettings = {
				ALWAYS_SEARCH_USER_PATHS = NO;
				CLANG_ANALYZER_NONNULL = YES;
				CLANG_ANALYZER_NUMBER_OBJECT_CONVERSION = YES_AGGRESSIVE;
				CLANG_CXX_LANGUAGE_STANDARD = "gnu++14";
				CLANG_CXX_LIBRARY = "libc++";
				CLANG_ENABLE_MODULES = YES;
				CLANG_ENABLE_OBJC_ARC = YES;
				CLANG_ENABLE_OBJC_WEAK = YES;
				CLANG_WARN_BLOCK_CAPTURE_AUTORELEASING = YES;
				CLANG_WARN_BOOL_CONVERSION = YES;
				CLANG_WARN_COMMA = YES;
				CLANG_WARN_CONSTANT_CONVERSION = YES;
				CLANG_WARN_DEPRECATED_OBJC_IMPLEMENTATIONS = YES;
				CLANG_WARN_DIRECT_OBJC_ISA_USAGE = YES_ERROR;
				CLANG_WARN_DOCUMENTATION_COMMENTS = YES;
				CLANG_WARN_EMPTY_BODY = YES;
				CLANG_WARN_ENUM_CONVERSION = YES;
				CLANG_WARN_INFINITE_RECURSION = YES;
				CLANG_WARN_INT_CONVERSION = YES;
				CLANG_WARN_NON_LITERAL_NULL_CONVERSION = YES;
				CLANG_WARN_OBJC_IMPLICIT_RETAIN_SELF = YES;
				CLANG_WARN_OBJC_LITERAL_CONVERSION = YES;
				CLANG_WARN_OBJC_ROOT_CLASS = YES_ERROR;
				CLANG_WARN_RANGE_LOOP_ANALYSIS = YES;
				CLANG_WARN_STRICT_PROTOTYPES = YES;
				CLANG_WARN_SUSPICIOUS_MOVE = YES;
				CLANG_WARN_UNGUARDED_AVAILABILITY = YES_AGGRESSIVE;
				CLANG_WARN_UNREACHABLE_CODE = YES;
				CLANG_WARN__DUPLICATE_METHOD_MATCH = YES;
				CODE_SIGN_IDENTITY = "iPhone Developer";
				COPY_PHASE_STRIP = NO;
				DEBUG_INFORMATION_FORMAT = "dwarf-with-dsym";
				ENABLE_NS_ASSERTIONS = NO;
				ENABLE_STRICT_OBJC_MSGSEND = YES;
				GCC_C_LANGUAGE_STANDARD = gnu11;
				GCC_NO_COMMON_BLOCKS = YES;
				GCC_WARN_64_TO_32_BIT_CONVERSION = YES;
				GCC_WARN_ABOUT_RETURN_TYPE = YES_ERROR;
				GCC_WARN_UNDECLARED_SELECTOR = YES;
				GCC_WARN_UNINITIALIZED_AUTOS = YES_AGGRESSIVE;
				GCC_WARN_UNUSED_FUNCTION = YES;
				GCC_WARN_UNUSED_VARIABLE = YES;
				IPHONEOS_DEPLOYMENT_TARGET = 12.1;
				MTL_ENABLE_DEBUG_INFO = NO;
				MTL_FAST_MATH = YES;
				SDKROOT = iphoneos;
				SWIFT_COMPILATION_MODE = wholemodule;
				SWIFT_OPTIMIZATION_LEVEL = "-O";
				VALIDATE_PRODUCT = YES;
			};
			name = Release;
		};
		F546D45521C249ED00EC6E98 /* Debug */ = {
			isa = XCBuildConfiguration;
			baseConfigurationReference = F1B4EFFBF20209C29E66DCC9 /* Pods-route-viewer.debug.xcconfig */;
			buildSettings = {
				ASSETCATALOG_COMPILER_APPICON_NAME = AppIcon;
				CODE_SIGN_STYLE = Automatic;
				DEVELOPMENT_TEAM = 4YU39WUVXB;
				INFOPLIST_FILE = "$(SRCROOT)/route-viewer/Supporting Files/Info.plist";
				IPHONEOS_DEPLOYMENT_TARGET = 10.0;
				LD_RUNPATH_SEARCH_PATHS = (
					"$(inherited)",
					"@executable_path/Frameworks",
				);
				PRODUCT_BUNDLE_IDENTIFIER = "com.irteza.route-viewer";
				PRODUCT_NAME = "$(TARGET_NAME)";
				SWIFT_VERSION = 4.2;
				TARGETED_DEVICE_FAMILY = 1;
			};
			name = Debug;
		};
		F546D45621C249ED00EC6E98 /* Release */ = {
			isa = XCBuildConfiguration;
			baseConfigurationReference = 3CCE37628F363F64B4E2B359 /* Pods-route-viewer.release.xcconfig */;
			buildSettings = {
				ASSETCATALOG_COMPILER_APPICON_NAME = AppIcon;
				CODE_SIGN_STYLE = Automatic;
				DEVELOPMENT_TEAM = 4YU39WUVXB;
				INFOPLIST_FILE = "$(SRCROOT)/route-viewer/Supporting Files/Info.plist";
				IPHONEOS_DEPLOYMENT_TARGET = 10.0;
				LD_RUNPATH_SEARCH_PATHS = (
					"$(inherited)",
					"@executable_path/Frameworks",
				);
				PRODUCT_BUNDLE_IDENTIFIER = "com.irteza.route-viewer";
				PRODUCT_NAME = "$(TARGET_NAME)";
				SWIFT_VERSION = 4.2;
				TARGETED_DEVICE_FAMILY = 1;
			};
			name = Release;
		};
		F546D45821C249ED00EC6E98 /* Debug */ = {
			isa = XCBuildConfiguration;
			baseConfigurationReference = 38983C06D22ACF56FAABE5C8 /* Pods-route-viewerTests.debug.xcconfig */;
			buildSettings = {
				ALWAYS_EMBED_SWIFT_STANDARD_LIBRARIES = YES;
				BUNDLE_LOADER = "$(TEST_HOST)";
				CODE_SIGN_STYLE = Automatic;
				DEVELOPMENT_TEAM = 4YU39WUVXB;
				INFOPLIST_FILE = "route-viewerTests/Info.plist";
				LD_RUNPATH_SEARCH_PATHS = (
					"$(inherited)",
					"@executable_path/Frameworks",
					"@loader_path/Frameworks",
				);
				PRODUCT_BUNDLE_IDENTIFIER = "com.irteza.route-viewerTests";
				PRODUCT_NAME = "$(TARGET_NAME)";
				SWIFT_VERSION = 4.2;
				TARGETED_DEVICE_FAMILY = "1,2";
				TEST_HOST = "$(BUILT_PRODUCTS_DIR)/route-viewer.app/route-viewer";
			};
			name = Debug;
		};
		F546D45921C249ED00EC6E98 /* Release */ = {
			isa = XCBuildConfiguration;
			baseConfigurationReference = B3FAEFA1A890F955572B9A31 /* Pods-route-viewerTests.release.xcconfig */;
			buildSettings = {
				ALWAYS_EMBED_SWIFT_STANDARD_LIBRARIES = YES;
				BUNDLE_LOADER = "$(TEST_HOST)";
				CODE_SIGN_STYLE = Automatic;
				DEVELOPMENT_TEAM = 4YU39WUVXB;
				INFOPLIST_FILE = "route-viewerTests/Info.plist";
				LD_RUNPATH_SEARCH_PATHS = (
					"$(inherited)",
					"@executable_path/Frameworks",
					"@loader_path/Frameworks",
				);
				PRODUCT_BUNDLE_IDENTIFIER = "com.irteza.route-viewerTests";
				PRODUCT_NAME = "$(TARGET_NAME)";
				SWIFT_VERSION = 4.2;
				TARGETED_DEVICE_FAMILY = "1,2";
				TEST_HOST = "$(BUILT_PRODUCTS_DIR)/route-viewer.app/route-viewer";
			};
			name = Release;
		};
/* End XCBuildConfiguration section */

/* Begin XCConfigurationList section */
		F546D43221C249EA00EC6E98 /* Build configuration list for PBXProject "route-viewer" */ = {
			isa = XCConfigurationList;
			buildConfigurations = (
				F546D45221C249ED00EC6E98 /* Debug */,
				F546D45321C249ED00EC6E98 /* Release */,
			);
			defaultConfigurationIsVisible = 0;
			defaultConfigurationName = Release;
		};
		F546D45421C249ED00EC6E98 /* Build configuration list for PBXNativeTarget "route-viewer" */ = {
			isa = XCConfigurationList;
			buildConfigurations = (
				F546D45521C249ED00EC6E98 /* Debug */,
				F546D45621C249ED00EC6E98 /* Release */,
			);
			defaultConfigurationIsVisible = 0;
			defaultConfigurationName = Release;
		};
		F546D45721C249ED00EC6E98 /* Build configuration list for PBXNativeTarget "route-viewerTests" */ = {
			isa = XCConfigurationList;
			buildConfigurations = (
				F546D45821C249ED00EC6E98 /* Debug */,
				F546D45921C249ED00EC6E98 /* Release */,
			);
			defaultConfigurationIsVisible = 0;
			defaultConfigurationName = Release;
		};
/* End XCConfigurationList section */
	};
	rootObject = F546D42F21C249EA00EC6E98 /* Project object */;
}
